dependencies:
- name: kube-prometheus-stack
  repository: https://prometheus-community.github.io/helm-charts
  version: 43.1.4
- name: loki
  repository: https://grafana.github.io/helm-charts
  version: 6.23.0
- name: promtail
  repository: https://grafana.github.io/helm-charts
  version: 3.6.0
digest: sha256:8334f820d6cfb04bfefdb759c3965f1fc7da609b2dffef24e1d8c7742e32dbc3
generated: "2024-12-06T00:44:28.920434696Z"
