dependencies:
- name: kube-prometheus-stack
  repository: https://prometheus-community.github.io/helm-charts
  version: 75.15.1
- name: loki
  repository: https://grafana.github.io/helm-charts
  version: 2.16.0
- name: promtail
  repository: https://grafana.github.io/helm-charts
  version: 3.11.0
digest: sha256:94fcdd2e5bca1bba3c291352793ea4c424577db2e9fa830a020d8c4f3af7349f
generated: "2025-08-01T06:54:19.086948662Z"
