dependencies:
- name: kube-prometheus-stack
  repository: https://prometheus-community.github.io/helm-charts
  version: 43.1.4
- name: loki
  repository: https://grafana.github.io/helm-charts
  version: 6.27.0
- name: promtail
  repository: https://grafana.github.io/helm-charts
  version: 3.11.0
digest: sha256:4860403381b45129df05cc5d38460d7825c049497f069d8b0675788721160a1a
generated: "2025-02-17T20:16:48.821172521Z"
